
Microsoft Visual Studio Solution File, Format Version 12.00
# Visual Studio 15
VisualStudioVersion = 15.0.28307.902
MinimumVisualStudioVersion = 10.0.40219.1
Project("{FAE04EC0-301F-11D3-BF4B-00C04F79EFBC}") = "DataFormXamarin.Android", "DataFormXamarin\DataFormXamarin.Android\DataFormXamarin.Android.csproj", "{2263841F-49C4-4296-9447-54D5549A347C}"
EndProject
Project("{FAE04EC0-301F-11D3-BF4B-00C04F79EFBC}") = "DataFormXamarin.iOS", "DataFormXamarin\DataFormXamarin.iOS\DataFormXamarin.iOS.csproj", "{C492F1B7-3FB0-432B-9FF7-56F05E7D7E32}"
EndProject
Project("{FAE04EC0-301F-11D3-BF4B-00C04F79EFBC}") = "DataFormXamarin.UWP", "DataFormXamarin\DataFormXamarin.UWP\DataFormXamarin.UWP.csproj", "{CB92C306-5C02-495F-BB3F-82C8A817EC6F}"
EndProject
Project("{FAE04EC0-301F-11D3-BF4B-00C04F79EFBC}") = "DataFormXamarin", "DataFormXamarin\DataFormXamarin\DataFormXamarin.csproj", "{2FE676D2-75EF-4A0A-A9BA-5441234B1CAA}"
EndProject
Global
	GlobalSection(SolutionConfigurationPlatforms) = preSolution
		Ad-Hoc|Any CPU = Ad-Hoc|Any CPU
		Ad-Hoc|ARM = Ad-Hoc|ARM
		Ad-Hoc|iPhone = Ad-Hoc|iPhone
		Ad-Hoc|iPhoneSimulator = Ad-Hoc|iPhoneSimulator
		Ad-Hoc|x64 = Ad-Hoc|x64
		Ad-Hoc|x86 = Ad-Hoc|x86
		AppStore|Any CPU = AppStore|Any CPU
		AppStore|ARM = AppStore|ARM
		AppStore|iPhone = AppStore|iPhone
		AppStore|iPhoneSimulator = AppStore|iPhoneSimulator
		AppStore|x64 = AppStore|x64
		AppStore|x86 = AppStore|x86
		Debug|Any CPU = Debug|Any CPU
		Debug|ARM = Debug|ARM
		Debug|iPhone = Debug|iPhone
		Debug|iPhoneSimulator = Debug|iPhoneSimulator
		Debug|x64 = Debug|x64
		Debug|x86 = Debug|x86
		Release|Any CPU = Release|Any CPU
		Release|ARM = Release|ARM
		Release|iPhone = Release|iPhone
		Release|iPhoneSimulator = Release|iPhoneSimulator
		Release|x64 = Release|x64
		Release|x86 = Release|x86
	EndGlobalSection
	GlobalSection(ProjectConfigurationPlatforms) = postSolution
		{2263841F-49C4-4296-9447-54D5549A347C}.Ad-Hoc|Any CPU.ActiveCfg = Release|Any CPU
		{2263841F-49C4-4296-9447-54D5549A347C}.Ad-Hoc|Any CPU.Build.0 = Release|Any CPU
		{2263841F-49C4-4296-9447-54D5549A347C}.Ad-Hoc|Any CPU.Deploy.0 = Release|Any CPU
		{2263841F-49C4-4296-9447-54D5549A347C}.Ad-Hoc|ARM.ActiveCfg = Release|Any CPU
		{2263841F-49C4-4296-9447-54D5549A347C}.Ad-Hoc|ARM.Build.0 = Release|Any CPU
		{2263841F-49C4-4296-9447-54D5549A347C}.Ad-Hoc|ARM.Deploy.0 = Release|Any CPU
		{2263841F-49C4-4296-9447-54D5549A347C}.Ad-Hoc|iPhone.ActiveCfg = Release|Any CPU
		{2263841F-49C4-4296-9447-54D5549A347C}.Ad-Hoc|iPhone.Build.0 = Release|Any CPU
		{2263841F-49C4-4296-9447-54D5549A347C}.Ad-Hoc|iPhone.Deploy.0 = Release|Any CPU
		{2263841F-49C4-4296-9447-54D5549A347C}.Ad-Hoc|iPhoneSimulator.ActiveCfg = Release|Any CPU
		{2263841F-49C4-4296-9447-54D5549A347C}.Ad-Hoc|iPhoneSimulator.Build.0 = Release|Any CPU
		{2263841F-49C4-4296-9447-54D5549A347C}.Ad-Hoc|iPhoneSimulator.Deploy.0 = Release|Any CPU
		{2263841F-49C4-4296-9447-54D5549A347C}.Ad-Hoc|x64.ActiveCfg = Release|Any CPU
		{2263841F-49C4-4296-9447-54D5549A347C}.Ad-Hoc|x64.Build.0 = Release|Any CPU
		{2263841F-49C4-4296-9447-54D5549A347C}.Ad-Hoc|x64.Deploy.0 = Release|Any CPU
		{2263841F-49C4-4296-9447-54D5549A347C}.Ad-Hoc|x86.ActiveCfg = Release|Any CPU
		{2263841F-49C4-4296-9447-54D5549A347C}.Ad-Hoc|x86.Build.0 = Release|Any CPU
		{2263841F-49C4-4296-9447-54D5549A347C}.Ad-Hoc|x86.Deploy.0 = Release|Any CPU
		{2263841F-49C4-4296-9447-54D5549A347C}.AppStore|Any CPU.ActiveCfg = Release|Any CPU
		{2263841F-49C4-4296-9447-54D5549A347C}.AppStore|Any CPU.Build.0 = Release|Any CPU
		{2263841F-49C4-4296-9447-54D5549A347C}.AppStore|Any CPU.Deploy.0 = Release|Any CPU
		{2263841F-49C4-4296-9447-54D5549A347C}.AppStore|ARM.ActiveCfg = Release|Any CPU
		{2263841F-49C4-4296-9447-54D5549A347C}.AppStore|ARM.Build.0 = Release|Any CPU
		{2263841F-49C4-4296-9447-54D5549A347C}.AppStore|ARM.Deploy.0 = Release|Any CPU
		{2263841F-49C4-4296-9447-54D5549A347C}.AppStore|iPhone.ActiveCfg = Release|Any CPU
		{2263841F-49C4-4296-9447-54D5549A347C}.AppStore|iPhone.Build.0 = Release|Any CPU
		{2263841F-49C4-4296-9447-54D5549A347C}.AppStore|iPhone.Deploy.0 = Release|Any CPU
		{2263841F-49C4-4296-9447-54D5549A347C}.AppStore|iPhoneSimulator.ActiveCfg = Release|Any CPU
		{2263841F-49C4-4296-9447-54D5549A347C}.AppStore|iPhoneSimulator.Build.0 = Release|Any CPU
		{2263841F-49C4-4296-9447-54D5549A347C}.AppStore|iPhoneSimulator.Deploy.0 = Release|Any CPU
		{2263841F-49C4-4296-9447-54D5549A347C}.AppStore|x64.ActiveCfg = Release|Any CPU
		{2263841F-49C4-4296-9447-54D5549A347C}.AppStore|x64.Build.0 = Release|Any CPU
		{2263841F-49C4-4296-9447-54D5549A347C}.AppStore|x64.Deploy.0 = Release|Any CPU
		{2263841F-49C4-4296-9447-54D5549A347C}.AppStore|x86.ActiveCfg = Release|Any CPU
		{2263841F-49C4-4296-9447-54D5549A347C}.AppStore|x86.Build.0 = Release|Any CPU
		{2263841F-49C4-4296-9447-54D5549A347C}.AppStore|x86.Deploy.0 = Release|Any CPU
		{2263841F-49C4-4296-9447-54D5549A347C}.Debug|Any CPU.ActiveCfg = Debug|Any CPU
		{2263841F-49C4-4296-9447-54D5549A347C}.Debug|Any CPU.Build.0 = Debug|Any CPU
		{2263841F-49C4-4296-9447-54D5549A347C}.Debug|Any CPU.Deploy.0 = Debug|Any CPU
		{2263841F-49C4-4296-9447-54D5549A347C}.Debug|ARM.ActiveCfg = Debug|Any CPU
		{2263841F-49C4-4296-9447-54D5549A347C}.Debug|ARM.Build.0 = Debug|Any CPU
		{2263841F-49C4-4296-9447-54D5549A347C}.Debug|ARM.Deploy.0 = Debug|Any CPU
		{2263841F-49C4-4296-9447-54D5549A347C}.Debug|iPhone.ActiveCfg = Debug|Any CPU
		{2263841F-49C4-4296-9447-54D5549A347C}.Debug|iPhone.Build.0 = Debug|Any CPU
		{2263841F-49C4-4296-9447-54D5549A347C}.Debug|iPhone.Deploy.0 = Debug|Any CPU
		{2263841F-49C4-4296-9447-54D5549A347C}.Debug|iPhoneSimulator.ActiveCfg = Debug|Any CPU
		{2263841F-49C4-4296-9447-54D5549A347C}.Debug|iPhoneSimulator.Build.0 = Debug|Any CPU
		{2263841F-49C4-4296-9447-54D5549A347C}.Debug|iPhoneSimulator.Deploy.0 = Debug|Any CPU
		{2263841F-49C4-4296-9447-54D5549A347C}.Debug|x64.ActiveCfg = Debug|Any CPU
		{2263841F-49C4-4296-9447-54D5549A347C}.Debug|x64.Build.0 = Debug|Any CPU
		{2263841F-49C4-4296-9447-54D5549A347C}.Debug|x64.Deploy.0 = Debug|Any CPU
		{2263841F-49C4-4296-9447-54D5549A347C}.Debug|x86.ActiveCfg = Debug|Any CPU
		{2263841F-49C4-4296-9447-54D5549A347C}.Debug|x86.Build.0 = Debug|Any CPU
		{2263841F-49C4-4296-9447-54D5549A347C}.Debug|x86.Deploy.0 = Debug|Any CPU
		{2263841F-49C4-4296-9447-54D5549A347C}.Release|Any CPU.ActiveCfg = Release|Any CPU
		{2263841F-49C4-4296-9447-54D5549A347C}.Release|Any CPU.Build.0 = Release|Any CPU
		{2263841F-49C4-4296-9447-54D5549A347C}.Release|Any CPU.Deploy.0 = Release|Any CPU
		{2263841F-49C4-4296-9447-54D5549A347C}.Release|ARM.ActiveCfg = Release|Any CPU
		{2263841F-49C4-4296-9447-54D5549A347C}.Release|ARM.Build.0 = Release|Any CPU
		{2263841F-49C4-4296-9447-54D5549A347C}.Release|ARM.Deploy.0 = Release|Any CPU
		{2263841F-49C4-4296-9447-54D5549A347C}.Release|iPhone.ActiveCfg = Release|Any CPU
		{2263841F-49C4-4296-9447-54D5549A347C}.Release|iPhone.Build.0 = Release|Any CPU
		{2263841F-49C4-4296-9447-54D5549A347C}.Release|iPhone.Deploy.0 = Release|Any CPU
		{2263841F-49C4-4296-9447-54D5549A347C}.Release|iPhoneSimulator.ActiveCfg = Release|Any CPU
		{2263841F-49C4-4296-9447-54D5549A347C}.Release|iPhoneSimulator.Build.0 = Release|Any CPU
		{2263841F-49C4-4296-9447-54D5549A347C}.Release|iPhoneSimulator.Deploy.0 = Release|Any CPU
		{2263841F-49C4-4296-9447-54D5549A347C}.Release|x64.ActiveCfg = Release|Any CPU
		{2263841F-49C4-4296-9447-54D5549A347C}.Release|x64.Build.0 = Release|Any CPU
		{2263841F-49C4-4296-9447-54D5549A347C}.Release|x64.Deploy.0 = Release|Any CPU
		{2263841F-49C4-4296-9447-54D5549A347C}.Release|x86.ActiveCfg = Release|Any CPU
		{2263841F-49C4-4296-9447-54D5549A347C}.Release|x86.Build.0 = Release|Any CPU
		{2263841F-49C4-4296-9447-54D5549A347C}.Release|x86.Deploy.0 = Release|Any CPU
		{C492F1B7-3FB0-432B-9FF7-56F05E7D7E32}.Ad-Hoc|Any CPU.ActiveCfg = Ad-Hoc|iPhone
		{C492F1B7-3FB0-432B-9FF7-56F05E7D7E32}.Ad-Hoc|Any CPU.Build.0 = Ad-Hoc|iPhone
		{C492F1B7-3FB0-432B-9FF7-56F05E7D7E32}.Ad-Hoc|Any CPU.Deploy.0 = Ad-Hoc|iPhone
		{C492F1B7-3FB0-432B-9FF7-56F05E7D7E32}.Ad-Hoc|ARM.ActiveCfg = Ad-Hoc|iPhone
		{C492F1B7-3FB0-432B-9FF7-56F05E7D7E32}.Ad-Hoc|ARM.Build.0 = Ad-Hoc|iPhone
		{C492F1B7-3FB0-432B-9FF7-56F05E7D7E32}.Ad-Hoc|ARM.Deploy.0 = Ad-Hoc|iPhone
		{C492F1B7-3FB0-432B-9FF7-56F05E7D7E32}.Ad-Hoc|iPhone.ActiveCfg = Ad-Hoc|iPhone
		{C492F1B7-3FB0-432B-9FF7-56F05E7D7E32}.Ad-Hoc|iPhone.Build.0 = Ad-Hoc|iPhone
		{C492F1B7-3FB0-432B-9FF7-56F05E7D7E32}.Ad-Hoc|iPhone.Deploy.0 = Ad-Hoc|iPhone
		{C492F1B7-3FB0-432B-9FF7-56F05E7D7E32}.Ad-Hoc|iPhoneSimulator.ActiveCfg = Ad-Hoc|iPhoneSimulator
		{C492F1B7-3FB0-432B-9FF7-56F05E7D7E32}.Ad-Hoc|iPhoneSimulator.Build.0 = Ad-Hoc|iPhoneSimulator
		{C492F1B7-3FB0-432B-9FF7-56F05E7D7E32}.Ad-Hoc|iPhoneSimulator.Deploy.0 = Ad-Hoc|iPhoneSimulator
		{C492F1B7-3FB0-432B-9FF7-56F05E7D7E32}.Ad-Hoc|x64.ActiveCfg = Ad-Hoc|iPhone
		{C492F1B7-3FB0-432B-9FF7-56F05E7D7E32}.Ad-Hoc|x64.Build.0 = Ad-Hoc|iPhone
		{C492F1B7-3FB0-432B-9FF7-56F05E7D7E32}.Ad-Hoc|x64.Deploy.0 = Ad-Hoc|iPhone
		{C492F1B7-3FB0-432B-9FF7-56F05E7D7E32}.Ad-Hoc|x86.ActiveCfg = Ad-Hoc|iPhone
		{C492F1B7-3FB0-432B-9FF7-56F05E7D7E32}.Ad-Hoc|x86.Build.0 = Ad-Hoc|iPhone
		{C492F1B7-3FB0-432B-9FF7-56F05E7D7E32}.Ad-Hoc|x86.Deploy.0 = Ad-Hoc|iPhone
		{C492F1B7-3FB0-432B-9FF7-56F05E7D7E32}.AppStore|Any CPU.ActiveCfg = AppStore|iPhone
		{C492F1B7-3FB0-432B-9FF7-56F05E7D7E32}.AppStore|Any CPU.Build.0 = AppStore|iPhone
		{C492F1B7-3FB0-432B-9FF7-56F05E7D7E32}.AppStore|Any CPU.Deploy.0 = AppStore|iPhone
		{C492F1B7-3FB0-432B-9FF7-56F05E7D7E32}.AppStore|ARM.ActiveCfg = AppStore|iPhone
		{C492F1B7-3FB0-432B-9FF7-56F05E7D7E32}.AppStore|ARM.Build.0 = AppStore|iPhone
		{C492F1B7-3FB0-432B-9FF7-56F05E7D7E32}.AppStore|ARM.Deploy.0 = AppStore|iPhone
		{C492F1B7-3FB0-432B-9FF7-56F05E7D7E32}.AppStore|iPhone.ActiveCfg = AppStore|iPhone
		{C492F1B7-3FB0-432B-9FF7-56F05E7D7E32}.AppStore|iPhone.Build.0 = AppStore|iPhone
		{C492F1B7-3FB0-432B-9FF7-56F05E7D7E32}.AppStore|iPhone.Deploy.0 = AppStore|iPhone
		{C492F1B7-3FB0-432B-9FF7-56F05E7D7E32}.AppStore|iPhoneSimulator.ActiveCfg = AppStore|iPhoneSimulator
		{C492F1B7-3FB0-432B-9FF7-56F05E7D7E32}.AppStore|iPhoneSimulator.Build.0 = AppStore|iPhoneSimulator
		{C492F1B7-3FB0-432B-9FF7-56F05E7D7E32}.AppStore|iPhoneSimulator.Deploy.0 = AppStore|iPhoneSimulator
		{C492F1B7-3FB0-432B-9FF7-56F05E7D7E32}.AppStore|x64.ActiveCfg = AppStore|iPhone
		{C492F1B7-3FB0-432B-9FF7-56F05E7D7E32}.AppStore|x64.Build.0 = AppStore|iPhone
		{C492F1B7-3FB0-432B-9FF7-56F05E7D7E32}.AppStore|x64.Deploy.0 = AppStore|iPhone
		{C492F1B7-3FB0-432B-9FF7-56F05E7D7E32}.AppStore|x86.ActiveCfg = AppStore|iPhone
		{C492F1B7-3FB0-432B-9FF7-56F05E7D7E32}.AppStore|x86.Build.0 = AppStore|iPhone
		{C492F1B7-3FB0-432B-9FF7-56F05E7D7E32}.AppStore|x86.Deploy.0 = AppStore|iPhone
		{C492F1B7-3FB0-432B-9FF7-56F05E7D7E32}.Debug|Any CPU.ActiveCfg = Debug|iPhoneSimulator
		{C492F1B7-3FB0-432B-9FF7-56F05E7D7E32}.Debug|Any CPU.Build.0 = Debug|iPhoneSimulator
		{C492F1B7-3FB0-432B-9FF7-56F05E7D7E32}.Debug|Any CPU.Deploy.0 = Debug|iPhoneSimulator
		{C492F1B7-3FB0-432B-9FF7-56F05E7D7E32}.Debug|ARM.ActiveCfg = Debug|iPhone
		{C492F1B7-3FB0-432B-9FF7-56F05E7D7E32}.Debug|ARM.Build.0 = Debug|iPhone
		{C492F1B7-3FB0-432B-9FF7-56F05E7D7E32}.Debug|ARM.Deploy.0 = Debug|iPhone
		{C492F1B7-3FB0-432B-9FF7-56F05E7D7E32}.Debug|iPhone.ActiveCfg = Debug|iPhone
		{C492F1B7-3FB0-432B-9FF7-56F05E7D7E32}.Debug|iPhone.Build.0 = Debug|iPhone
		{C492F1B7-3FB0-432B-9FF7-56F05E7D7E32}.Debug|iPhone.Deploy.0 = Debug|iPhone
		{C492F1B7-3FB0-432B-9FF7-56F05E7D7E32}.Debug|iPhoneSimulator.ActiveCfg = Debug|iPhoneSimulator
		{C492F1B7-3FB0-432B-9FF7-56F05E7D7E32}.Debug|iPhoneSimulator.Build.0 = Debug|iPhoneSimulator
		{C492F1B7-3FB0-432B-9FF7-56F05E7D7E32}.Debug|iPhoneSimulator.Deploy.0 = Debug|iPhoneSimulator
		{C492F1B7-3FB0-432B-9FF7-56F05E7D7E32}.Debug|x64.ActiveCfg = Debug|iPhone
		{C492F1B7-3FB0-432B-9FF7-56F05E7D7E32}.Debug|x64.Build.0 = Debug|iPhone
		{C492F1B7-3FB0-432B-9FF7-56F05E7D7E32}.Debug|x64.Deploy.0 = Debug|iPhone
		{C492F1B7-3FB0-432B-9FF7-56F05E7D7E32}.Debug|x86.ActiveCfg = Debug|iPhone
		{C492F1B7-3FB0-432B-9FF7-56F05E7D7E32}.Debug|x86.Build.0 = Debug|iPhone
		{C492F1B7-3FB0-432B-9FF7-56F05E7D7E32}.Debug|x86.Deploy.0 = Debug|iPhone
		{C492F1B7-3FB0-432B-9FF7-56F05E7D7E32}.Release|Any CPU.ActiveCfg = Release|iPhone
		{C492F1B7-3FB0-432B-9FF7-56F05E7D7E32}.Release|Any CPU.Build.0 = Release|iPhone
		{C492F1B7-3FB0-432B-9FF7-56F05E7D7E32}.Release|Any CPU.Deploy.0 = Release|iPhone
		{C492F1B7-3FB0-432B-9FF7-56F05E7D7E32}.Release|ARM.ActiveCfg = Release|iPhone
		{C492F1B7-3FB0-432B-9FF7-56F05E7D7E32}.Release|ARM.Build.0 = Release|iPhone
		{C492F1B7-3FB0-432B-9FF7-56F05E7D7E32}.Release|ARM.Deploy.0 = Release|iPhone
		{C492F1B7-3FB0-432B-9FF7-56F05E7D7E32}.Release|iPhone.ActiveCfg = Release|iPhone
		{C492F1B7-3FB0-432B-9FF7-56F05E7D7E32}.Release|iPhone.Build.0 = Release|iPhone
		{C492F1B7-3FB0-432B-9FF7-56F05E7D7E32}.Release|iPhone.Deploy.0 = Release|iPhone
		{C492F1B7-3FB0-432B-9FF7-56F05E7D7E32}.Release|iPhoneSimulator.ActiveCfg = Release|iPhoneSimulator
		{C492F1B7-3FB0-432B-9FF7-56F05E7D7E32}.Release|iPhoneSimulator.Build.0 = Release|iPhoneSimulator
		{C492F1B7-3FB0-432B-9FF7-56F05E7D7E32}.Release|iPhoneSimulator.Deploy.0 = Release|iPhoneSimulator
		{C492F1B7-3FB0-432B-9FF7-56F05E7D7E32}.Release|x64.ActiveCfg = Release|iPhone
		{C492F1B7-3FB0-432B-9FF7-56F05E7D7E32}.Release|x64.Build.0 = Release|iPhone
		{C492F1B7-3FB0-432B-9FF7-56F05E7D7E32}.Release|x64.Deploy.0 = Release|iPhone
		{C492F1B7-3FB0-432B-9FF7-56F05E7D7E32}.Release|x86.ActiveCfg = Release|iPhone
		{C492F1B7-3FB0-432B-9FF7-56F05E7D7E32}.Release|x86.Build.0 = Release|iPhone
		{C492F1B7-3FB0-432B-9FF7-56F05E7D7E32}.Release|x86.Deploy.0 = Release|iPhone
		{CB92C306-5C02-495F-BB3F-82C8A817EC6F}.Ad-Hoc|Any CPU.ActiveCfg = Release|x86
		{CB92C306-5C02-495F-BB3F-82C8A817EC6F}.Ad-Hoc|Any CPU.Build.0 = Release|x86
		{CB92C306-5C02-495F-BB3F-82C8A817EC6F}.Ad-Hoc|Any CPU.Deploy.0 = Release|x86
		{CB92C306-5C02-495F-BB3F-82C8A817EC6F}.Ad-Hoc|ARM.ActiveCfg = Release|ARM
		{CB92C306-5C02-495F-BB3F-82C8A817EC6F}.Ad-Hoc|ARM.Build.0 = Release|ARM
		{CB92C306-5C02-495F-BB3F-82C8A817EC6F}.Ad-Hoc|ARM.Deploy.0 = Release|ARM
		{CB92C306-5C02-495F-BB3F-82C8A817EC6F}.Ad-Hoc|iPhone.ActiveCfg = Release|x86
		{CB92C306-5C02-495F-BB3F-82C8A817EC6F}.Ad-Hoc|iPhone.Build.0 = Release|x86
		{CB92C306-5C02-495F-BB3F-82C8A817EC6F}.Ad-Hoc|iPhone.Deploy.0 = Release|x86
		{CB92C306-5C02-495F-BB3F-82C8A817EC6F}.Ad-Hoc|iPhoneSimulator.ActiveCfg = Release|x86
		{CB92C306-5C02-495F-BB3F-82C8A817EC6F}.Ad-Hoc|iPhoneSimulator.Build.0 = Release|x86
		{CB92C306-5C02-495F-BB3F-82C8A817EC6F}.Ad-Hoc|iPhoneSimulator.Deploy.0 = Release|x86
		{CB92C306-5C02-495F-BB3F-82C8A817EC6F}.Ad-Hoc|x64.ActiveCfg = Release|x64
		{CB92C306-5C02-495F-BB3F-82C8A817EC6F}.Ad-Hoc|x64.Build.0 = Release|x64
		{CB92C306-5C02-495F-BB3F-82C8A817EC6F}.Ad-Hoc|x64.Deploy.0 = Release|x64
		{CB92C306-5C02-495F-BB3F-82C8A817EC6F}.Ad-Hoc|x86.ActiveCfg = Release|x86
		{CB92C306-5C02-495F-BB3F-82C8A817EC6F}.Ad-Hoc|x86.Build.0 = Release|x86
		{CB92C306-5C02-495F-BB3F-82C8A817EC6F}.Ad-Hoc|x86.Deploy.0 = Release|x86
		{CB92C306-5C02-495F-BB3F-82C8A817EC6F}.AppStore|Any CPU.ActiveCfg = Release|x86
		{CB92C306-5C02-495F-BB3F-82C8A817EC6F}.AppStore|Any CPU.Build.0 = Release|x86
		{CB92C306-5C02-495F-BB3F-82C8A817EC6F}.AppStore|Any CPU.Deploy.0 = Release|x86
		{CB92C306-5C02-495F-BB3F-82C8A817EC6F}.AppStore|ARM.ActiveCfg = Release|ARM
		{CB92C306-5C02-495F-BB3F-82C8A817EC6F}.AppStore|ARM.Build.0 = Release|ARM
		{CB92C306-5C02-495F-BB3F-82C8A817EC6F}.AppStore|ARM.Deploy.0 = Release|ARM
		{CB92C306-5C02-495F-BB3F-82C8A817EC6F}.AppStore|iPhone.ActiveCfg = Release|x86
		{CB92C306-5C02-495F-BB3F-82C8A817EC6F}.AppStore|iPhone.Build.0 = Release|x86
		{CB92C306-5C02-495F-BB3F-82C8A817EC6F}.AppStore|iPhone.Deploy.0 = Release|x86
		{CB92C306-5C02-495F-BB3F-82C8A817EC6F}.AppStore|iPhoneSimulator.ActiveCfg = Release|x86
		{CB92C306-5C02-495F-BB3F-82C8A817EC6F}.AppStore|iPhoneSimulator.Build.0 = Release|x86
		{CB92C306-5C02-495F-BB3F-82C8A817EC6F}.AppStore|iPhoneSimulator.Deploy.0 = Release|x86
		{CB92C306-5C02-495F-BB3F-82C8A817EC6F}.AppStore|x64.ActiveCfg = Release|x64
		{CB92C306-5C02-495F-BB3F-82C8A817EC6F}.AppStore|x64.Build.0 = Release|x64
		{CB92C306-5C02-495F-BB3F-82C8A817EC6F}.AppStore|x64.Deploy.0 = Release|x64
		{CB92C306-5C02-495F-BB3F-82C8A817EC6F}.AppStore|x86.ActiveCfg = Release|x86
		{CB92C306-5C02-495F-BB3F-82C8A817EC6F}.AppStore|x86.Build.0 = Release|x86
		{CB92C306-5C02-495F-BB3F-82C8A817EC6F}.AppStore|x86.Deploy.0 = Release|x86
		{CB92C306-5C02-495F-BB3F-82C8A817EC6F}.Debug|Any CPU.ActiveCfg = Debug|x86
		{CB92C306-5C02-495F-BB3F-82C8A817EC6F}.Debug|Any CPU.Build.0 = Debug|x86
		{CB92C306-5C02-495F-BB3F-82C8A817EC6F}.Debug|Any CPU.Deploy.0 = Debug|x86
		{CB92C306-5C02-495F-BB3F-82C8A817EC6F}.Debug|ARM.ActiveCfg = Debug|ARM
		{CB92C306-5C02-495F-BB3F-82C8A817EC6F}.Debug|ARM.Build.0 = Debug|ARM
		{CB92C306-5C02-495F-BB3F-82C8A817EC6F}.Debug|ARM.Deploy.0 = Debug|ARM
		{CB92C306-5C02-495F-BB3F-82C8A817EC6F}.Debug|iPhone.ActiveCfg = Debug|x86
		{CB92C306-5C02-495F-BB3F-82C8A817EC6F}.Debug|iPhone.Build.0 = Debug|x86
		{CB92C306-5C02-495F-BB3F-82C8A817EC6F}.Debug|iPhone.Deploy.0 = Debug|x86
		{CB92C306-5C02-495F-BB3F-82C8A817EC6F}.Debug|iPhoneSimulator.ActiveCfg = Debug|x86
		{CB92C306-5C02-495F-BB3F-82C8A817EC6F}.Debug|iPhoneSimulator.Build.0 = Debug|x86
		{CB92C306-5C02-495F-BB3F-82C8A817EC6F}.Debug|iPhoneSimulator.Deploy.0 = Debug|x86
		{CB92C306-5C02-495F-BB3F-82C8A817EC6F}.Debug|x64.ActiveCfg = Debug|x64
		{CB92C306-5C02-495F-BB3F-82C8A817EC6F}.Debug|x64.Build.0 = Debug|x64
		{CB92C306-5C02-495F-BB3F-82C8A817EC6F}.Debug|x64.Deploy.0 = Debug|x64
		{CB92C306-5C02-495F-BB3F-82C8A817EC6F}.Debug|x86.ActiveCfg = Debug|x86
		{CB92C306-5C02-495F-BB3F-82C8A817EC6F}.Debug|x86.Build.0 = Debug|x86
		{CB92C306-5C02-495F-BB3F-82C8A817EC6F}.Debug|x86.Deploy.0 = Debug|x86
		{CB92C306-5C02-495F-BB3F-82C8A817EC6F}.Release|Any CPU.ActiveCfg = Release|x86
		{CB92C306-5C02-495F-BB3F-82C8A817EC6F}.Release|Any CPU.Build.0 = Release|x86
		{CB92C306-5C02-495F-BB3F-82C8A817EC6F}.Release|Any CPU.Deploy.0 = Release|x86
		{CB92C306-5C02-495F-BB3F-82C8A817EC6F}.Release|ARM.ActiveCfg = Release|ARM
		{CB92C306-5C02-495F-BB3F-82C8A817EC6F}.Release|ARM.Build.0 = Release|ARM
		{CB92C306-5C02-495F-BB3F-82C8A817EC6F}.Release|ARM.Deploy.0 = Release|ARM
		{CB92C306-5C02-495F-BB3F-82C8A817EC6F}.Release|iPhone.ActiveCfg = Release|x86
		{CB92C306-5C02-495F-BB3F-82C8A817EC6F}.Release|iPhone.Build.0 = Release|x86
		{CB92C306-5C02-495F-BB3F-82C8A817EC6F}.Release|iPhone.Deploy.0 = Release|x86
		{CB92C306-5C02-495F-BB3F-82C8A817EC6F}.Release|iPhoneSimulator.ActiveCfg = Release|x86
		{CB92C306-5C02-495F-BB3F-82C8A817EC6F}.Release|iPhoneSimulator.Build.0 = Release|x86
		{CB92C306-5C02-495F-BB3F-82C8A817EC6F}.Release|iPhoneSimulator.Deploy.0 = Release|x86
		{CB92C306-5C02-495F-BB3F-82C8A817EC6F}.Release|x64.ActiveCfg = Release|x64
		{CB92C306-5C02-495F-BB3F-82C8A817EC6F}.Release|x64.Build.0 = Release|x64
		{CB92C306-5C02-495F-BB3F-82C8A817EC6F}.Release|x64.Deploy.0 = Release|x64
		{CB92C306-5C02-495F-BB3F-82C8A817EC6F}.Release|x86.ActiveCfg = Release|x86
		{CB92C306-5C02-495F-BB3F-82C8A817EC6F}.Release|x86.Build.0 = Release|x86
		{CB92C306-5C02-495F-BB3F-82C8A817EC6F}.Release|x86.Deploy.0 = Release|x86
		{2FE676D2-75EF-4A0A-A9BA-5441234B1CAA}.Ad-Hoc|Any CPU.ActiveCfg = Debug|Any CPU
		{2FE676D2-75EF-4A0A-A9BA-5441234B1CAA}.Ad-Hoc|Any CPU.Build.0 = Debug|Any CPU
		{2FE676D2-75EF-4A0A-A9BA-5441234B1CAA}.Ad-Hoc|Any CPU.Deploy.0 = Debug|Any CPU
		{2FE676D2-75EF-4A0A-A9BA-5441234B1CAA}.Ad-Hoc|ARM.ActiveCfg = Debug|Any CPU
		{2FE676D2-75EF-4A0A-A9BA-5441234B1CAA}.Ad-Hoc|ARM.Build.0 = Debug|Any CPU
		{2FE676D2-75EF-4A0A-A9BA-5441234B1CAA}.Ad-Hoc|ARM.Deploy.0 = Debug|Any CPU
		{2FE676D2-75EF-4A0A-A9BA-5441234B1CAA}.Ad-Hoc|iPhone.ActiveCfg = Debug|Any CPU
		{2FE676D2-75EF-4A0A-A9BA-5441234B1CAA}.Ad-Hoc|iPhone.Build.0 = Debug|Any CPU
		{2FE676D2-75EF-4A0A-A9BA-5441234B1CAA}.Ad-Hoc|iPhone.Deploy.0 = Debug|Any CPU
		{2FE676D2-75EF-4A0A-A9BA-5441234B1CAA}.Ad-Hoc|iPhoneSimulator.ActiveCfg = Debug|Any CPU
		{2FE676D2-75EF-4A0A-A9BA-5441234B1CAA}.Ad-Hoc|iPhoneSimulator.Build.0 = Debug|Any CPU
		{2FE676D2-75EF-4A0A-A9BA-5441234B1CAA}.Ad-Hoc|iPhoneSimulator.Deploy.0 = Debug|Any CPU
		{2FE676D2-75EF-4A0A-A9BA-5441234B1CAA}.Ad-Hoc|x64.ActiveCfg = Debug|Any CPU
		{2FE676D2-75EF-4A0A-A9BA-5441234B1CAA}.Ad-Hoc|x64.Build.0 = Debug|Any CPU
		{2FE676D2-75EF-4A0A-A9BA-5441234B1CAA}.Ad-Hoc|x64.Deploy.0 = Debug|Any CPU
		{2FE676D2-75EF-4A0A-A9BA-5441234B1CAA}.Ad-Hoc|x86.ActiveCfg = Debug|Any CPU
		{2FE676D2-75EF-4A0A-A9BA-5441234B1CAA}.Ad-Hoc|x86.Build.0 = Debug|Any CPU
		{2FE676D2-75EF-4A0A-A9BA-5441234B1CAA}.Ad-Hoc|x86.Deploy.0 = Debug|Any CPU
		{2FE676D2-75EF-4A0A-A9BA-5441234B1CAA}.AppStore|Any CPU.ActiveCfg = Debug|Any CPU
		{2FE676D2-75EF-4A0A-A9BA-5441234B1CAA}.AppStore|Any CPU.Build.0 = Debug|Any CPU
		{2FE676D2-75EF-4A0A-A9BA-5441234B1CAA}.AppStore|Any CPU.Deploy.0 = Debug|Any CPU
		{2FE676D2-75EF-4A0A-A9BA-5441234B1CAA}.AppStore|ARM.ActiveCfg = Debug|Any CPU
		{2FE676D2-75EF-4A0A-A9BA-5441234B1CAA}.AppStore|ARM.Build.0 = Debug|Any CPU
		{2FE676D2-75EF-4A0A-A9BA-5441234B1CAA}.AppStore|ARM.Deploy.0 = Debug|Any CPU
		{2FE676D2-75EF-4A0A-A9BA-5441234B1CAA}.AppStore|iPhone.ActiveCfg = Debug|Any CPU
		{2FE676D2-75EF-4A0A-A9BA-5441234B1CAA}.AppStore|iPhone.Build.0 = Debug|Any CPU
		{2FE676D2-75EF-4A0A-A9BA-5441234B1CAA}.AppStore|iPhone.Deploy.0 = Debug|Any CPU
		{2FE676D2-75EF-4A0A-A9BA-5441234B1CAA}.AppStore|iPhoneSimulator.ActiveCfg = Debug|Any CPU
		{2FE676D2-75EF-4A0A-A9BA-5441234B1CAA}.AppStore|iPhoneSimulator.Build.0 = Debug|Any CPU
		{2FE676D2-75EF-4A0A-A9BA-5441234B1CAA}.AppStore|iPhoneSimulator.Deploy.0 = Debug|Any CPU
		{2FE676D2-75EF-4A0A-A9BA-5441234B1CAA}.AppStore|x64.ActiveCfg = Debug|Any CPU
		{2FE676D2-75EF-4A0A-A9BA-5441234B1CAA}.AppStore|x64.Build.0 = Debug|Any CPU
		{2FE676D2-75EF-4A0A-A9BA-5441234B1CAA}.AppStore|x64.Deploy.0 = Debug|Any CPU
		{2FE676D2-75EF-4A0A-A9BA-5441234B1CAA}.AppStore|x86.ActiveCfg = Debug|Any CPU
		{2FE676D2-75EF-4A0A-A9BA-5441234B1CAA}.AppStore|x86.Build.0 = Debug|Any CPU
		{2FE676D2-75EF-4A0A-A9BA-5441234B1CAA}.AppStore|x86.Deploy.0 = Debug|Any CPU
		{2FE676D2-75EF-4A0A-A9BA-5441234B1CAA}.Debug|Any CPU.ActiveCfg = Debug|Any CPU
		{2FE676D2-75EF-4A0A-A9BA-5441234B1CAA}.Debug|Any CPU.Build.0 = Debug|Any CPU
		{2FE676D2-75EF-4A0A-A9BA-5441234B1CAA}.Debug|Any CPU.Deploy.0 = Debug|Any CPU
		{2FE676D2-75EF-4A0A-A9BA-5441234B1CAA}.Debug|ARM.ActiveCfg = Debug|Any CPU
		{2FE676D2-75EF-4A0A-A9BA-5441234B1CAA}.Debug|ARM.Build.0 = Debug|Any CPU
		{2FE676D2-75EF-4A0A-A9BA-5441234B1CAA}.Debug|ARM.Deploy.0 = Debug|Any CPU
		{2FE676D2-75EF-4A0A-A9BA-5441234B1CAA}.Debug|iPhone.ActiveCfg = Debug|Any CPU
		{2FE676D2-75EF-4A0A-A9BA-5441234B1CAA}.Debug|iPhone.Build.0 = Debug|Any CPU
		{2FE676D2-75EF-4A0A-A9BA-5441234B1CAA}.Debug|iPhone.Deploy.0 = Debug|Any CPU
		{2FE676D2-75EF-4A0A-A9BA-5441234B1CAA}.Debug|iPhoneSimulator.ActiveCfg = Debug|Any CPU
		{2FE676D2-75EF-4A0A-A9BA-5441234B1CAA}.Debug|iPhoneSimulator.Build.0 = Debug|Any CPU
		{2FE676D2-75EF-4A0A-A9BA-5441234B1CAA}.Debug|iPhoneSimulator.Deploy.0 = Debug|Any CPU
		{2FE676D2-75EF-4A0A-A9BA-5441234B1CAA}.Debug|x64.ActiveCfg = Debug|Any CPU
		{2FE676D2-75EF-4A0A-A9BA-5441234B1CAA}.Debug|x64.Build.0 = Debug|Any CPU
		{2FE676D2-75EF-4A0A-A9BA-5441234B1CAA}.Debug|x64.Deploy.0 = Debug|Any CPU
		{2FE676D2-75EF-4A0A-A9BA-5441234B1CAA}.Debug|x86.ActiveCfg = Debug|Any CPU
		{2FE676D2-75EF-4A0A-A9BA-5441234B1CAA}.Debug|x86.Build.0 = Debug|Any CPU
		{2FE676D2-75EF-4A0A-A9BA-5441234B1CAA}.Debug|x86.Deploy.0 = Debug|Any CPU
		{2FE676D2-75EF-4A0A-A9BA-5441234B1CAA}.Release|Any CPU.ActiveCfg = Release|Any CPU
		{2FE676D2-75EF-4A0A-A9BA-5441234B1CAA}.Release|Any CPU.Build.0 = Release|Any CPU
		{2FE676D2-75EF-4A0A-A9BA-5441234B1CAA}.Release|Any CPU.Deploy.0 = Release|Any CPU
		{2FE676D2-75EF-4A0A-A9BA-5441234B1CAA}.Release|ARM.ActiveCfg = Release|Any CPU
		{2FE676D2-75EF-4A0A-A9BA-5441234B1CAA}.Release|ARM.Build.0 = Release|Any CPU
		{2FE676D2-75EF-4A0A-A9BA-5441234B1CAA}.Release|ARM.Deploy.0 = Release|Any CPU
		{2FE676D2-75EF-4A0A-A9BA-5441234B1CAA}.Release|iPhone.ActiveCfg = Release|Any CPU
		{2FE676D2-75EF-4A0A-A9BA-5441234B1CAA}.Release|iPhone.Build.0 = Release|Any CPU
		{2FE676D2-75EF-4A0A-A9BA-5441234B1CAA}.Release|iPhone.Deploy.0 = Release|Any CPU
		{2FE676D2-75EF-4A0A-A9BA-5441234B1CAA}.Release|iPhoneSimulator.ActiveCfg = Release|Any CPU
		{2FE676D2-75EF-4A0A-A9BA-5441234B1CAA}.Release|iPhoneSimulator.Build.0 = Release|Any CPU
		{2FE676D2-75EF-4A0A-A9BA-5441234B1CAA}.Release|iPhoneSimulator.Deploy.0 = Release|Any CPU
		{2FE676D2-75EF-4A0A-A9BA-5441234B1CAA}.Release|x64.ActiveCfg = Release|Any CPU
		{2FE676D2-75EF-4A0A-A9BA-5441234B1CAA}.Release|x64.Build.0 = Release|Any CPU
		{2FE676D2-75EF-4A0A-A9BA-5441234B1CAA}.Release|x64.Deploy.0 = Release|Any CPU
		{2FE676D2-75EF-4A0A-A9BA-5441234B1CAA}.Release|x86.ActiveCfg = Release|Any CPU
		{2FE676D2-75EF-4A0A-A9BA-5441234B1CAA}.Release|x86.Build.0 = Release|Any CPU
		{2FE676D2-75EF-4A0A-A9BA-5441234B1CAA}.Release|x86.Deploy.0 = Release|Any CPU
	EndGlobalSection
	GlobalSection(SolutionProperties) = preSolution
		HideSolutionNode = FALSE
	EndGlobalSection
	GlobalSection(ExtensibilityGlobals) = postSolution
		SolutionGuid = {9D336C66-EB6A-4C9C-AE6D-5FC54E777CFB}
	EndGlobalSection
EndGlobal
